// !$*UTF8*$!
{
	archiveVersion = 1;
	classes = {
	};
	objectVersion = 46;
	objects = {

/* Begin PBXBuildFile section */
		03006E88180ACD2E0032F6B1 /* JONewsFeed.m in Sources */ = {isa = PBXBuildFile; fileRef = 03006E87180ACD2D0032F6B1 /* JONewsFeed.m */; };
		03006E8C180AFBBA0032F6B1 /* JONewsItem.m in Sources */ = {isa = PBXBuildFile; fileRef = 03006E8B180AFBBA0032F6B1 /* JONewsItem.m */; };
		03006E8F1811FBE70032F6B1 /* JONewsFeedInfo.m in Sources */ = {isa = PBXBuildFile; fileRef = 03006E8E1811FBE70032F6B1 /* JONewsFeedInfo.m */; };
		031D6B251812108300D1C2B6 /* JONewsFeedTests.m in Sources */ = {isa = PBXBuildFile; fileRef = 031D6B241812108300D1C2B6 /* JONewsFeedTests.m */; };
		031D6B271812116700D1C2B6 /* ExampleAtomFeed.xml in Resources */ = {isa = PBXBuildFile; fileRef = 031D6B261812116700D1C2B6 /* ExampleAtomFeed.xml */; };
		033F746D18034877001681AF /* Foundation.framework in Frameworks */ = {isa = PBXBuildFile; fileRef = 033F746C18034877001681AF /* Foundation.framework */; };
		033F746F18034877001681AF /* CoreGraphics.framework in Frameworks */ = {isa = PBXBuildFile; fileRef = 033F746E18034877001681AF /* CoreGraphics.framework */; };
		033F747118034877001681AF /* UIKit.framework in Frameworks */ = {isa = PBXBuildFile; fileRef = 033F747018034877001681AF /* UIKit.framework */; };
		033F747718034877001681AF /* InfoPlist.strings in Resources */ = {isa = PBXBuildFile; fileRef = 033F747518034877001681AF /* InfoPlist.strings */; };
		033F747918034877001681AF /* main.m in Sources */ = {isa = PBXBuildFile; fileRef = 033F747818034877001681AF /* main.m */; };
		033F747D18034877001681AF /* JOAppDelegate.m in Sources */ = {isa = PBXBuildFile; fileRef = 033F747C18034877001681AF /* JOAppDelegate.m */; };
		033F748018034877001681AF /* Main_iPhone.storyboard in Resources */ = {isa = PBXBuildFile; fileRef = 033F747E18034877001681AF /* Main_iPhone.storyboard */; };
		033F748318034877001681AF /* Main_iPad.storyboard in Resources */ = {isa = PBXBuildFile; fileRef = 033F748118034877001681AF /* Main_iPad.storyboard */; };
		033F748618034877001681AF /* JOMasterViewController.m in Sources */ = {isa = PBXBuildFile; fileRef = 033F748518034877001681AF /* JOMasterViewController.m */; };
		033F748918034877001681AF /* JODetailViewController.m in Sources */ = {isa = PBXBuildFile; fileRef = 033F748818034877001681AF /* JODetailViewController.m */; };
		033F749218034877001681AF /* XCTest.framework in Frameworks */ = {isa = PBXBuildFile; fileRef = 033F749118034877001681AF /* XCTest.framework */; };
		033F749318034877001681AF /* Foundation.framework in Frameworks */ = {isa = PBXBuildFile; fileRef = 033F746C18034877001681AF /* Foundation.framework */; };
		033F749418034877001681AF /* UIKit.framework in Frameworks */ = {isa = PBXBuildFile; fileRef = 033F747018034877001681AF /* UIKit.framework */; };
		033F749C18034877001681AF /* InfoPlist.strings in Resources */ = {isa = PBXBuildFile; fileRef = 033F749A18034877001681AF /* InfoPlist.strings */; };
		033F749E18034877001681AF /* OracleTests.m in Sources */ = {isa = PBXBuildFile; fileRef = 033F749D18034877001681AF /* OracleTests.m */; };
		0367FB6A18035ABD0065A400 /* JOConstants.m in Sources */ = {isa = PBXBuildFile; fileRef = 0367FB6918035ABD0065A400 /* JOConstants.m */; };
		0367FB701803750D0065A400 /* JOImageDetailCell.m in Sources */ = {isa = PBXBuildFile; fileRef = 0367FB6F1803750D0065A400 /* JOImageDetailCell.m */; };
		03C03BA0181D4986001A9CBF /* AboutApp.rtf in Resources */ = {isa = PBXBuildFile; fileRef = 03C03B9F181D4986001A9CBF /* AboutApp.rtf */; };
		03C892761825D825005FBFC1 /* AboutApp.txt in Resources */ = {isa = PBXBuildFile; fileRef = 03C892741825D825005FBFC1 /* AboutApp.txt */; };
		03C892771825D825005FBFC1 /* AboutSteinbrennerOracle.txt in Resources */ = {isa = PBXBuildFile; fileRef = 03C892751825D825005FBFC1 /* AboutSteinbrennerOracle.txt */; };
		03E142FF182FE52C0033BE6A /* Images.xcassets in Resources */ = {isa = PBXBuildFile; fileRef = 033F748A18034877001681AF /* Images.xcassets */; };
		03ECFB43181C33950004C08B /* AboutSteinbrennerOracle.rtf in Resources */ = {isa = PBXBuildFile; fileRef = 03ECFB42181C33950004C08B /* AboutSteinbrennerOracle.rtf */; };
		03FE5EB41814342F00A61921 /* NSString+JOUtilAdditions.m in Sources */ = {isa = PBXBuildFile; fileRef = 03FE5EB31814342F00A61921 /* NSString+JOUtilAdditions.m */; };
		03FE5EB71814B4E700A61921 /* NSString+GTMNSStringHTMLAdditions.m in Sources */ = {isa = PBXBuildFile; fileRef = 03FE5EB61814B4E700A61921 /* NSString+GTMNSStringHTMLAdditions.m */; };
		45EB94C780D5476F98ABD04C /* libPods.a in Frameworks */ = {isa = PBXBuildFile; fileRef = 516294EDE2A54BEBBE2CBAF9 /* libPods.a */; };
		85AF9B163C69433DB763AF98 /* libPods-OracleTests.a in Frameworks */ = {isa = PBXBuildFile; fileRef = 27C22E8D32FD43129ACDE4C8 /* libPods-OracleTests.a */; };
/* End PBXBuildFile section */

/* Begin PBXContainerItemProxy section */
		033F749518034877001681AF /* PBXContainerItemProxy */ = {
			isa = PBXContainerItemProxy;
			containerPortal = 033F746118034877001681AF /* Project object */;
			proxyType = 1;
			remoteGlobalIDString = 033F746818034877001681AF;
			remoteInfo = Oracle;
		};
/* End PBXContainerItemProxy section */

/* Begin PBXFileReference section */
		03006E86180ACD2D0032F6B1 /* JONewsFeed.h */ = {isa = PBXFileReference; fileEncoding = 4; lastKnownFileType = sourcecode.c.h; path = JONewsFeed.h; sourceTree = "<group>"; };
		03006E87180ACD2D0032F6B1 /* JONewsFeed.m */ = {isa = PBXFileReference; fileEncoding = 4; lastKnownFileType = sourcecode.c.objc; path = JONewsFeed.m; sourceTree = "<group>"; };
		03006E8A180AFBBA0032F6B1 /* JONewsItem.h */ = {isa = PBXFileReference; fileEncoding = 4; lastKnownFileType = sourcecode.c.h; path = JONewsItem.h; sourceTree = "<group>"; };
		03006E8B180AFBBA0032F6B1 /* JONewsItem.m */ = {isa = PBXFileReference; fileEncoding = 4; lastKnownFileType = sourcecode.c.objc; path = JONewsItem.m; sourceTree = "<group>"; };
		03006E8D1811FBE70032F6B1 /* JONewsFeedInfo.h */ = {isa = PBXFileReference; fileEncoding = 4; lastKnownFileType = sourcecode.c.h; path = JONewsFeedInfo.h; sourceTree = "<group>"; };
		03006E8E1811FBE70032F6B1 /* JONewsFeedInfo.m */ = {isa = PBXFileReference; fileEncoding = 4; lastKnownFileType = sourcecode.c.objc; path = JONewsFeedInfo.m; sourceTree = "<group>"; };
		031D6B241812108300D1C2B6 /* JONewsFeedTests.m */ = {isa = PBXFileReference; fileEncoding = 4; lastKnownFileType = sourcecode.c.objc; path = JONewsFeedTests.m; sourceTree = "<group>"; };
		031D6B261812116700D1C2B6 /* ExampleAtomFeed.xml */ = {isa = PBXFileReference; fileEncoding = 4; lastKnownFileType = text.xml; path = ExampleAtomFeed.xml; sourceTree = "<group>"; };
		031D6B28181215A500D1C2B6 /* OracleTests.h */ = {isa = PBXFileReference; lastKnownFileType = sourcecode.c.h; path = OracleTests.h; sourceTree = "<group>"; };
		033F746918034877001681AF /* Oracle.app */ = {isa = PBXFileReference; explicitFileType = wrapper.application; includeInIndex = 0; path = Oracle.app; sourceTree = BUILT_PRODUCTS_DIR; };
		033F746C18034877001681AF /* Foundation.framework */ = {isa = PBXFileReference; lastKnownFileType = wrapper.framework; name = Foundation.framework; path = System/Library/Frameworks/Foundation.framework; sourceTree = SDKROOT; };
		033F746E18034877001681AF /* CoreGraphics.framework */ = {isa = PBXFileReference; lastKnownFileType = wrapper.framework; name = CoreGraphics.framework; path = System/Library/Frameworks/CoreGraphics.framework; sourceTree = SDKROOT; };
		033F747018034877001681AF /* UIKit.framework */ = {isa = PBXFileReference; lastKnownFileType = wrapper.framework; name = UIKit.framework; path = System/Library/Frameworks/UIKit.framework; sourceTree = SDKROOT; };
		033F747418034877001681AF /* Oracle-Info.plist */ = {isa = PBXFileReference; lastKnownFileType = text.plist.xml; path = "Oracle-Info.plist"; sourceTree = "<group>"; };
		033F747618034877001681AF /* en */ = {isa = PBXFileReference; lastKnownFileType = text.plist.strings; name = en; path = en.lproj/InfoPlist.strings; sourceTree = "<group>"; };
		033F747818034877001681AF /* main.m */ = {isa = PBXFileReference; lastKnownFileType = sourcecode.c.objc; path = main.m; sourceTree = "<group>"; };
		033F747A18034877001681AF /* Oracle-Prefix.pch */ = {isa = PBXFileReference; lastKnownFileType = sourcecode.c.h; path = "Oracle-Prefix.pch"; sourceTree = "<group>"; };
		033F747B18034877001681AF /* JOAppDelegate.h */ = {isa = PBXFileReference; lastKnownFileType = sourcecode.c.h; path = JOAppDelegate.h; sourceTree = "<group>"; };
		033F747C18034877001681AF /* JOAppDelegate.m */ = {isa = PBXFileReference; lastKnownFileType = sourcecode.c.objc; path = JOAppDelegate.m; sourceTree = "<group>"; };
		033F747F18034877001681AF /* Base */ = {isa = PBXFileReference; lastKnownFileType = file.storyboard; name = Base; path = Base.lproj/Main_iPhone.storyboard; sourceTree = "<group>"; };
		033F748218034877001681AF /* Base */ = {isa = PBXFileReference; lastKnownFileType = file.storyboard; name = Base; path = Base.lproj/Main_iPad.storyboard; sourceTree = "<group>"; };
		033F748418034877001681AF /* JOMasterViewController.h */ = {isa = PBXFileReference; lastKnownFileType = sourcecode.c.h; path = JOMasterViewController.h; sourceTree = "<group>"; };
		033F748518034877001681AF /* JOMasterViewController.m */ = {isa = PBXFileReference; lastKnownFileType = sourcecode.c.objc; path = JOMasterViewController.m; sourceTree = "<group>"; };
		033F748718034877001681AF /* JODetailViewController.h */ = {isa = PBXFileReference; lastKnownFileType = sourcecode.c.h; path = JODetailViewController.h; sourceTree = "<group>"; };
		033F748818034877001681AF /* JODetailViewController.m */ = {isa = PBXFileReference; lastKnownFileType = sourcecode.c.objc; path = JODetailViewController.m; sourceTree = "<group>"; };
		033F748A18034877001681AF /* Images.xcassets */ = {isa = PBXFileReference; lastKnownFileType = folder.assetcatalog; path = Images.xcassets; sourceTree = "<group>"; };
		033F749018034877001681AF /* OracleTests.xctest */ = {isa = PBXFileReference; explicitFileType = wrapper.cfbundle; includeInIndex = 0; path = OracleTests.xctest; sourceTree = BUILT_PRODUCTS_DIR; };
		033F749118034877001681AF /* XCTest.framework */ = {isa = PBXFileReference; lastKnownFileType = wrapper.framework; name = XCTest.framework; path = Library/Frameworks/XCTest.framework; sourceTree = DEVELOPER_DIR; };
		033F749918034877001681AF /* OracleTests-Info.plist */ = {isa = PBXFileReference; lastKnownFileType = text.plist.xml; path = "OracleTests-Info.plist"; sourceTree = "<group>"; };
		033F749B18034877001681AF /* en */ = {isa = PBXFileReference; lastKnownFileType = text.plist.strings; name = en; path = en.lproj/InfoPlist.strings; sourceTree = "<group>"; };
		033F749D18034877001681AF /* OracleTests.m */ = {isa = PBXFileReference; lastKnownFileType = sourcecode.c.objc; path = OracleTests.m; sourceTree = "<group>"; };
		034183361803505000A2FA11 /* Podfile */ = {isa = PBXFileReference; fileEncoding = 4; lastKnownFileType = text; path = Podfile; sourceTree = "<group>"; xcLanguageSpecificationIdentifier = xcode.lang.ruby; };
		0367FB6818035ABD0065A400 /* JOConstants.h */ = {isa = PBXFileReference; fileEncoding = 4; lastKnownFileType = sourcecode.c.h; path = JOConstants.h; sourceTree = "<group>"; };
		0367FB6918035ABD0065A400 /* JOConstants.m */ = {isa = PBXFileReference; fileEncoding = 4; lastKnownFileType = sourcecode.c.objc; path = JOConstants.m; sourceTree = "<group>"; };
		0367FB6E1803750D0065A400 /* JOImageDetailCell.h */ = {isa = PBXFileReference; fileEncoding = 4; lastKnownFileType = sourcecode.c.h; path = JOImageDetailCell.h; sourceTree = "<group>"; };
		0367FB6F1803750D0065A400 /* JOImageDetailCell.m */ = {isa = PBXFileReference; fileEncoding = 4; lastKnownFileType = sourcecode.c.objc; path = JOImageDetailCell.m; sourceTree = "<group>"; };
		03C03B9F181D4986001A9CBF /* AboutApp.rtf */ = {isa = PBXFileReference; fileEncoding = 4; lastKnownFileType = text.rtf; path = AboutApp.rtf; sourceTree = "<group>"; };
		03C892741825D825005FBFC1 /* AboutApp.txt */ = {isa = PBXFileReference; fileEncoding = 4; lastKnownFileType = text; path = AboutApp.txt; sourceTree = "<group>"; };
		03C892751825D825005FBFC1 /* AboutSteinbrennerOracle.txt */ = {isa = PBXFileReference; fileEncoding = 4; lastKnownFileType = text; path = AboutSteinbrennerOracle.txt; sourceTree = "<group>"; };
		03E142FD182FDF6F0033BE6A /* AppStoreInfo.rtf */ = {isa = PBXFileReference; lastKnownFileType = text.rtf; path = AppStoreInfo.rtf; sourceTree = "<group>"; };
		03E143001830471F0033BE6A /* hideallelements.js */ = {isa = PBXFileReference; explicitFileType = text; fileEncoding = 4; path = hideallelements.js; sourceTree = "<group>"; };
		03ECFB42181C33950004C08B /* AboutSteinbrennerOracle.rtf */ = {isa = PBXFileReference; fileEncoding = 4; lastKnownFileType = text.rtf; path = AboutSteinbrennerOracle.rtf; sourceTree = "<group>"; };
		03FE5EB21814342F00A61921 /* NSString+JOUtilAdditions.h */ = {isa = PBXFileReference; fileEncoding = 4; lastKnownFileType = sourcecode.c.h; path = "NSString+JOUtilAdditions.h"; sourceTree = "<group>"; };
		03FE5EB31814342F00A61921 /* NSString+JOUtilAdditions.m */ = {isa = PBXFileReference; fileEncoding = 4; lastKnownFileType = sourcecode.c.objc; path = "NSString+JOUtilAdditions.m"; sourceTree = "<group>"; };
		03FE5EB51814B4E700A61921 /* NSString+GTMNSStringHTMLAdditions.h */ = {isa = PBXFileReference; fileEncoding = 4; lastKnownFileType = sourcecode.c.h; path = "NSString+GTMNSStringHTMLAdditions.h"; sourceTree = "<group>"; };
		03FE5EB61814B4E700A61921 /* NSString+GTMNSStringHTMLAdditions.m */ = {isa = PBXFileReference; fileEncoding = 4; lastKnownFileType = sourcecode.c.objc; path = "NSString+GTMNSStringHTMLAdditions.m"; sourceTree = "<group>"; };
		1413C80C8CC9445A1B178FA4 /* Pods-OracleTests.debug.xcconfig */ = {isa = PBXFileReference; includeInIndex = 1; lastKnownFileType = text.xcconfig; name = "Pods-OracleTests.debug.xcconfig"; path = "Pods/Target Support Files/Pods-OracleTests/Pods-OracleTests.debug.xcconfig"; sourceTree = "<group>"; };
		27C22E8D32FD43129ACDE4C8 /* libPods-OracleTests.a */ = {isa = PBXFileReference; explicitFileType = archive.ar; includeInIndex = 0; path = "libPods-OracleTests.a"; sourceTree = BUILT_PRODUCTS_DIR; };
		516294EDE2A54BEBBE2CBAF9 /* libPods.a */ = {isa = PBXFileReference; explicitFileType = archive.ar; includeInIndex = 0; path = libPods.a; sourceTree = BUILT_PRODUCTS_DIR; };
		715F45D31C7A2E54C50FB663 /* Pods-OracleTests.release.xcconfig */ = {isa = PBXFileReference; includeInIndex = 1; lastKnownFileType = text.xcconfig; name = "Pods-OracleTests.release.xcconfig"; path = "Pods/Target Support Files/Pods-OracleTests/Pods-OracleTests.release.xcconfig"; sourceTree = "<group>"; };
		8324EC130467071B0FF1CE5F /* Pods.release.xcconfig */ = {isa = PBXFileReference; includeInIndex = 1; lastKnownFileType = text.xcconfig; name = Pods.release.xcconfig; path = "Pods/Target Support Files/Pods/Pods.release.xcconfig"; sourceTree = "<group>"; };
		8DEF046CA368CFC460FE7C6B /* Pods.debug.xcconfig */ = {isa = PBXFileReference; includeInIndex = 1; lastKnownFileType = text.xcconfig; name = Pods.debug.xcconfig; path = "Pods/Target Support Files/Pods/Pods.debug.xcconfig"; sourceTree = "<group>"; };
/* End PBXFileReference section */

/* Begin PBXFrameworksBuildPhase section */
		033F746618034877001681AF /* Frameworks */ = {
			isa = PBXFrameworksBuildPhase;
			buildActionMask = 2147483647;
			files = (
				033F746F18034877001681AF /* CoreGraphics.framework in Frameworks */,
				033F747118034877001681AF /* UIKit.framework in Frameworks */,
				033F746D18034877001681AF /* Foundation.framework in Frameworks */,
				45EB94C780D5476F98ABD04C /* libPods.a in Frameworks */,
			);
			runOnlyForDeploymentPostprocessing = 0;
		};
		033F748D18034877001681AF /* Frameworks */ = {
			isa = PBXFrameworksBuildPhase;
			buildActionMask = 2147483647;
			files = (
				033F749218034877001681AF /* XCTest.framework in Frameworks */,
				033F749418034877001681AF /* UIKit.framework in Frameworks */,
				033F749318034877001681AF /* Foundation.framework in Frameworks */,
				85AF9B163C69433DB763AF98 /* libPods-OracleTests.a in Frameworks */,
			);
			runOnlyForDeploymentPostprocessing = 0;
		};
/* End PBXFrameworksBuildPhase section */

/* Begin PBXGroup section */
		03006E89180AFBA50032F6B1 /* News Feed */ = {
			isa = PBXGroup;
			children = (
				03006E86180ACD2D0032F6B1 /* JONewsFeed.h */,
				03006E87180ACD2D0032F6B1 /* JONewsFeed.m */,
				03006E8D1811FBE70032F6B1 /* JONewsFeedInfo.h */,
				03006E8E1811FBE70032F6B1 /* JONewsFeedInfo.m */,
				03006E8A180AFBBA0032F6B1 /* JONewsItem.h */,
				03006E8B180AFBBA0032F6B1 /* JONewsItem.m */,
			);
			name = "News Feed";
			sourceTree = "<group>";
		};
		033F746018034877001681AF = {
			isa = PBXGroup;
			children = (
				033F747218034877001681AF /* Oracle */,
				033F749718034877001681AF /* OracleTests */,
				033F746B18034877001681AF /* Frameworks */,
				033F746A18034877001681AF /* Products */,
				034183361803505000A2FA11 /* Podfile */,
				F473810C86F248FE0CDFBEA2 /* Pods */,
			);
			sourceTree = "<group>";
		};
		033F746A18034877001681AF /* Products */ = {
			isa = PBXGroup;
			children = (
				033F746918034877001681AF /* Oracle.app */,
				033F749018034877001681AF /* OracleTests.xctest */,
			);
			name = Products;
			sourceTree = "<group>";
		};
		033F746B18034877001681AF /* Frameworks */ = {
			isa = PBXGroup;
			children = (
				033F746C18034877001681AF /* Foundation.framework */,
				033F746E18034877001681AF /* CoreGraphics.framework */,
				033F747018034877001681AF /* UIKit.framework */,
				033F749118034877001681AF /* XCTest.framework */,
				516294EDE2A54BEBBE2CBAF9 /* libPods.a */,
				27C22E8D32FD43129ACDE4C8 /* libPods-OracleTests.a */,
			);
			name = Frameworks;
			sourceTree = "<group>";
		};
		033F747218034877001681AF /* Oracle */ = {
			isa = PBXGroup;
			children = (
				0367FB6718035AA70065A400 /* Model */,
				0367FB66180354280065A400 /* View & View Controller */,
				033F747318034877001681AF /* Supporting Files */,
			);
			path = Oracle;
			sourceTree = "<group>";
		};
		033F747318034877001681AF /* Supporting Files */ = {
			isa = PBXGroup;
			children = (
				033F747418034877001681AF /* Oracle-Info.plist */,
				033F747518034877001681AF /* InfoPlist.strings */,
				033F747818034877001681AF /* main.m */,
				033F747A18034877001681AF /* Oracle-Prefix.pch */,
				03E143001830471F0033BE6A /* hideallelements.js */,
			);
			name = "Supporting Files";
			sourceTree = "<group>";
		};
		033F749718034877001681AF /* OracleTests */ = {
			isa = PBXGroup;
			children = (
				031D6B28181215A500D1C2B6 /* OracleTests.h */,
				033F749D18034877001681AF /* OracleTests.m */,
				031D6B241812108300D1C2B6 /* JONewsFeedTests.m */,
				033F749818034877001681AF /* Supporting Files */,
			);
			path = OracleTests;
			sourceTree = "<group>";
		};
		033F749818034877001681AF /* Supporting Files */ = {
			isa = PBXGroup;
			children = (
				031D6B261812116700D1C2B6 /* ExampleAtomFeed.xml */,
				033F749918034877001681AF /* OracleTests-Info.plist */,
				033F749A18034877001681AF /* InfoPlist.strings */,
			);
			name = "Supporting Files";
			sourceTree = "<group>";
		};
		0367FB66180354280065A400 /* View & View Controller */ = {
			isa = PBXGroup;
			children = (
				03C892701825B3F5005FBFC1 /* Main Master/Detail */,
				03C892721825B41B005FBFC1 /* Delegate/Images/Resources */,
			);
			name = "View & View Controller";
			sourceTree = "<group>";
		};
		0367FB6718035AA70065A400 /* Model */ = {
			isa = PBXGroup;
			children = (
				0367FB6818035ABD0065A400 /* JOConstants.h */,
				0367FB6918035ABD0065A400 /* JOConstants.m */,
				03FE5EB21814342F00A61921 /* NSString+JOUtilAdditions.h */,
				03FE5EB31814342F00A61921 /* NSString+JOUtilAdditions.m */,
				03FE5EB51814B4E700A61921 /* NSString+GTMNSStringHTMLAdditions.h */,
				03FE5EB61814B4E700A61921 /* NSString+GTMNSStringHTMLAdditions.m */,
				03006E89180AFBA50032F6B1 /* News Feed */,
			);
			name = Model;
			sourceTree = "<group>";
		};
		03C892701825B3F5005FBFC1 /* Main Master/Detail */ = {
			isa = PBXGroup;
			children = (
				033F748418034877001681AF /* JOMasterViewController.h */,
				033F748518034877001681AF /* JOMasterViewController.m */,
				033F747E18034877001681AF /* Main_iPhone.storyboard */,
				033F748118034877001681AF /* Main_iPad.storyboard */,
				033F748718034877001681AF /* JODetailViewController.h */,
				033F748818034877001681AF /* JODetailViewController.m */,
				03C892711825B410005FBFC1 /* Cells */,
			);
			name = "Main Master/Detail";
			sourceTree = "<group>";
		};
		03C892711825B410005FBFC1 /* Cells */ = {
			isa = PBXGroup;
			children = (
				0367FB6E1803750D0065A400 /* JOImageDetailCell.h */,
				0367FB6F1803750D0065A400 /* JOImageDetailCell.m */,
			);
			name = Cells;
			sourceTree = "<group>";
		};
		03C892721825B41B005FBFC1 /* Delegate/Images/Resources */ = {
			isa = PBXGroup;
			children = (
				033F748A18034877001681AF /* Images.xcassets */,
				033F747B18034877001681AF /* JOAppDelegate.h */,
				033F747C18034877001681AF /* JOAppDelegate.m */,
				03C892731825D7BB005FBFC1 /* AboutFiles */,
			);
			name = Delegate/Images/Resources;
			sourceTree = "<group>";
		};
		03C892731825D7BB005FBFC1 /* AboutFiles */ = {
			isa = PBXGroup;
			children = (
				03ECFB42181C33950004C08B /* AboutSteinbrennerOracle.rtf */,
				03C03B9F181D4986001A9CBF /* AboutApp.rtf */,
				03E142FD182FDF6F0033BE6A /* AppStoreInfo.rtf */,
				03C892791825D982005FBFC1 /* Plaintext - Autogenerated */,
			);
			path = AboutFiles;
			sourceTree = "<group>";
		};
		03C892791825D982005FBFC1 /* Plaintext - Autogenerated */ = {
			isa = PBXGroup;
			children = (
				03C892751825D825005FBFC1 /* AboutSteinbrennerOracle.txt */,
				03C892741825D825005FBFC1 /* AboutApp.txt */,
			);
			name = "Plaintext - Autogenerated";
			sourceTree = "<group>";
		};
		F473810C86F248FE0CDFBEA2 /* Pods */ = {
			isa = PBXGroup;
			children = (
				8DEF046CA368CFC460FE7C6B /* Pods.debug.xcconfig */,
				8324EC130467071B0FF1CE5F /* Pods.release.xcconfig */,
				1413C80C8CC9445A1B178FA4 /* Pods-OracleTests.debug.xcconfig */,
				715F45D31C7A2E54C50FB663 /* Pods-OracleTests.release.xcconfig */,
			);
			name = Pods;
			sourceTree = "<group>";
		};
/* End PBXGroup section */

/* Begin PBXNativeTarget section */
		033F746818034877001681AF /* Oracle */ = {
			isa = PBXNativeTarget;
			buildConfigurationList = 033F74A118034877001681AF /* Build configuration list for PBXNativeTarget "Oracle" */;
			buildPhases = (
				FC144B4D7FC14DC787AF7F0D /* Check Pods Manifest.lock */,
				033F746518034877001681AF /* Sources */,
				033F746618034877001681AF /* Frameworks */,
				033F746718034877001681AF /* Resources */,
				F11EB0A8D57741A4822F577A /* Copy Pods Resources */,
				03C892781825D8BD005FBFC1 /* Make Plaintext Files */,
			);
			buildRules = (
			);
			dependencies = (
			);
			name = Oracle;
			productName = Oracle;
			productReference = 033F746918034877001681AF /* Oracle.app */;
			productType = "com.apple.product-type.application";
		};
		033F748F18034877001681AF /* OracleTests */ = {
			isa = PBXNativeTarget;
			buildConfigurationList = 033F74A418034877001681AF /* Build configuration list for PBXNativeTarget "OracleTests" */;
			buildPhases = (
				E7619A85DB084C7FBE166962 /* Check Pods Manifest.lock */,
				033F748C18034877001681AF /* Sources */,
				033F748D18034877001681AF /* Frameworks */,
				033F748E18034877001681AF /* Resources */,
				8AA7D687F5C3457993B53CF3 /* Copy Pods Resources */,
			);
			buildRules = (
			);
			dependencies = (
				033F749618034877001681AF /* PBXTargetDependency */,
			);
			name = OracleTests;
			productName = OracleTests;
			productReference = 033F749018034877001681AF /* OracleTests.xctest */;
			productType = "com.apple.product-type.bundle.unit-test";
		};
/* End PBXNativeTarget section */

/* Begin PBXProject section */
		033F746118034877001681AF /* Project object */ = {
			isa = PBXProject;
			attributes = {
				CLASSPREFIX = JO;
				LastUpgradeCheck = 0700;
				ORGANIZATIONNAME = "Joshua Oldenburg";
				TargetAttributes = {
					033F746818034877001681AF = {
						DevelopmentTeam = ED5VMJQVKA;
					};
					033F748F18034877001681AF = {
						TestTargetID = 033F746818034877001681AF;
					};
				};
			};
			buildConfigurationList = 033F746418034877001681AF /* Build configuration list for PBXProject "Oracle" */;
			compatibilityVersion = "Xcode 3.2";
			developmentRegion = English;
			hasScannedForEncodings = 0;
			knownRegions = (
				en,
				Base,
			);
			mainGroup = 033F746018034877001681AF;
			productRefGroup = 033F746A18034877001681AF /* Products */;
			projectDirPath = "";
			projectRoot = "";
			targets = (
				033F746818034877001681AF /* Oracle */,
				033F748F18034877001681AF /* OracleTests */,
			);
		};
/* End PBXProject section */

/* Begin PBXResourcesBuildPhase section */
		033F746718034877001681AF /* Resources */ = {
			isa = PBXResourcesBuildPhase;
			buildActionMask = 2147483647;
			files = (
				033F748318034877001681AF /* Main_iPad.storyboard in Resources */,
				03E142FF182FE52C0033BE6A /* Images.xcassets in Resources */,
				03C892771825D825005FBFC1 /* AboutSteinbrennerOracle.txt in Resources */,
				03C892761825D825005FBFC1 /* AboutApp.txt in Resources */,
				03C03BA0181D4986001A9CBF /* AboutApp.rtf in Resources */,
				033F748018034877001681AF /* Main_iPhone.storyboard in Resources */,
				033F747718034877001681AF /* InfoPlist.strings in Resources */,
				03ECFB43181C33950004C08B /* AboutSteinbrennerOracle.rtf in Resources */,
			);
			runOnlyForDeploymentPostprocessing = 0;
		};
		033F748E18034877001681AF /* Resources */ = {
			isa = PBXResourcesBuildPhase;
			buildActionMask = 2147483647;
			files = (
				033F749C18034877001681AF /* InfoPlist.strings in Resources */,
				031D6B271812116700D1C2B6 /* ExampleAtomFeed.xml in Resources */,
			);
			runOnlyForDeploymentPostprocessing = 0;
		};
/* End PBXResourcesBuildPhase section */

/* Begin PBXShellScriptBuildPhase section */
		03C892781825D8BD005FBFC1 /* Make Plaintext Files */ = {
			isa = PBXShellScriptBuildPhase;
			buildActionMask = 2147483647;
			files = (
			);
			inputPaths = (
			);
			name = "Make Plaintext Files";
			outputPaths = (
			);
			runOnlyForDeploymentPostprocessing = 0;
			shellPath = /bin/bash;
			shellScript = "textutil ${SRCROOT}/Oracle/AboutFiles/*.{rtf,rtfd,html,doc,docx} -convert txt";
		};
		8AA7D687F5C3457993B53CF3 /* Copy Pods Resources */ = {
			isa = PBXShellScriptBuildPhase;
			buildActionMask = 2147483647;
			files = (
			);
			inputPaths = (
			);
			name = "Copy Pods Resources";
			outputPaths = (
			);
			runOnlyForDeploymentPostprocessing = 0;
			shellPath = /bin/sh;
			shellScript = "\"${SRCROOT}/Pods/Target Support Files/Pods-OracleTests/Pods-OracleTests-resources.sh\"\n";
			showEnvVarsInLog = 0;
		};
		E7619A85DB084C7FBE166962 /* Check Pods Manifest.lock */ = {
			isa = PBXShellScriptBuildPhase;
			buildActionMask = 2147483647;
			files = (
			);
			inputPaths = (
			);
			name = "Check Pods Manifest.lock";
			outputPaths = (
			);
			runOnlyForDeploymentPostprocessing = 0;
			shellPath = /bin/sh;
			shellScript = "diff \"${PODS_ROOT}/../Podfile.lock\" \"${PODS_ROOT}/Manifest.lock\" > /dev/null\nif [[ $? != 0 ]] ; then\n    cat << EOM\nerror: The sandbox is not in sync with the Podfile.lock. Run 'pod install' or update your CocoaPods installation.\nEOM\n    exit 1\nfi\n";
			showEnvVarsInLog = 0;
		};
		F11EB0A8D57741A4822F577A /* Copy Pods Resources */ = {
			isa = PBXShellScriptBuildPhase;
			buildActionMask = 2147483647;
			files = (
			);
			inputPaths = (
			);
			name = "Copy Pods Resources";
			outputPaths = (
			);
			runOnlyForDeploymentPostprocessing = 0;
			shellPath = /bin/sh;
			shellScript = "\"${SRCROOT}/Pods/Target Support Files/Pods/Pods-resources.sh\"\n";
			showEnvVarsInLog = 0;
		};
		FC144B4D7FC14DC787AF7F0D /* Check Pods Manifest.lock */ = {
			isa = PBXShellScriptBuildPhase;
			buildActionMask = 2147483647;
			files = (
			);
			inputPaths = (
			);
			name = "Check Pods Manifest.lock";
			outputPaths = (
			);
			runOnlyForDeploymentPostprocessing = 0;
			shellPath = /bin/sh;
			shellScript = "diff \"${PODS_ROOT}/../Podfile.lock\" \"${PODS_ROOT}/Manifest.lock\" > /dev/null\nif [[ $? != 0 ]] ; then\n    cat << EOM\nerror: The sandbox is not in sync with the Podfile.lock. Run 'pod install' or update your CocoaPods installation.\nEOM\n    exit 1\nfi\n";
			showEnvVarsInLog = 0;
		};
/* End PBXShellScriptBuildPhase section */

/* Begin PBXSourcesBuildPhase section */
		033F746518034877001681AF /* Sources */ = {
			isa = PBXSourcesBuildPhase;
			buildActionMask = 2147483647;
			files = (
				033F747918034877001681AF /* main.m in Sources */,
				0367FB701803750D0065A400 /* JOImageDetailCell.m in Sources */,
				033F747D18034877001681AF /* JOAppDelegate.m in Sources */,
				0367FB6A18035ABD0065A400 /* JOConstants.m in Sources */,
				03006E8F1811FBE70032F6B1 /* JONewsFeedInfo.m in Sources */,
				03006E8C180AFBBA0032F6B1 /* JONewsItem.m in Sources */,
				03FE5EB71814B4E700A61921 /* NSString+GTMNSStringHTMLAdditions.m in Sources */,
				033F748918034877001681AF /* JODetailViewController.m in Sources */,
				033F748618034877001681AF /* JOMasterViewController.m in Sources */,
				03FE5EB41814342F00A61921 /* NSString+JOUtilAdditions.m in Sources */,
				03006E88180ACD2E0032F6B1 /* JONewsFeed.m in Sources */,
			);
			runOnlyForDeploymentPostprocessing = 0;
		};
		033F748C18034877001681AF /* Sources */ = {
			isa = PBXSourcesBuildPhase;
			buildActionMask = 2147483647;
			files = (
				033F749E18034877001681AF /* OracleTests.m in Sources */,
				031D6B251812108300D1C2B6 /* JONewsFeedTests.m in Sources */,
			);
			runOnlyForDeploymentPostprocessing = 0;
		};
/* End PBXSourcesBuildPhase section */

/* Begin PBXTargetDependency section */
		033F749618034877001681AF /* PBXTargetDependency */ = {
			isa = PBXTargetDependency;
			target = 033F746818034877001681AF /* Oracle */;
			targetProxy = 033F749518034877001681AF /* PBXContainerItemProxy */;
		};
/* End PBXTargetDependency section */

/* Begin PBXVariantGroup section */
		033F747518034877001681AF /* InfoPlist.strings */ = {
			isa = PBXVariantGroup;
			children = (
				033F747618034877001681AF /* en */,
			);
			name = InfoPlist.strings;
			sourceTree = "<group>";
		};
		033F747E18034877001681AF /* Main_iPhone.storyboard */ = {
			isa = PBXVariantGroup;
			children = (
				033F747F18034877001681AF /* Base */,
			);
			name = Main_iPhone.storyboard;
			sourceTree = "<group>";
		};
		033F748118034877001681AF /* Main_iPad.storyboard */ = {
			isa = PBXVariantGroup;
			children = (
				033F748218034877001681AF /* Base */,
			);
			name = Main_iPad.storyboard;
			sourceTree = "<group>";
		};
		033F749A18034877001681AF /* InfoPlist.strings */ = {
			isa = PBXVariantGroup;
			children = (
				033F749B18034877001681AF /* en */,
			);
			name = InfoPlist.strings;
			sourceTree = "<group>";
		};
/* End PBXVariantGroup section */

/* Begin XCBuildConfiguration section */
		033F749F18034877001681AF /* Debug */ = {
			isa = XCBuildConfiguration;
			buildSettings = {
				ALWAYS_SEARCH_USER_PATHS = NO;
				CLANG_CXX_LANGUAGE_STANDARD = "gnu++0x";
				CLANG_CXX_LIBRARY = "libc++";
				CLANG_ENABLE_MODULES = YES;
				CLANG_ENABLE_OBJC_ARC = YES;
				CLANG_WARN_BOOL_CONVERSION = YES;
				CLANG_WARN_CONSTANT_CONVERSION = YES;
				CLANG_WARN_DIRECT_OBJC_ISA_USAGE = YES_ERROR;
				CLANG_WARN_EMPTY_BODY = YES;
				CLANG_WARN_ENUM_CONVERSION = YES;
				CLANG_WARN_INT_CONVERSION = YES;
				CLANG_WARN_OBJC_ROOT_CLASS = YES_ERROR;
				CLANG_WARN__DUPLICATE_METHOD_MATCH = YES;
				"CODE_SIGN_IDENTITY[sdk=iphoneos*]" = "iPhone Developer";
				COPY_PHASE_STRIP = NO;
				ENABLE_TESTABILITY = YES;
				GCC_C_LANGUAGE_STANDARD = gnu99;
				GCC_DYNAMIC_NO_PIC = NO;
				GCC_OPTIMIZATION_LEVEL = 0;
				GCC_PREPROCESSOR_DEFINITIONS = (
					"DEBUG=1",
					"$(inherited)",
				);
				GCC_SYMBOLS_PRIVATE_EXTERN = NO;
				GCC_WARN_64_TO_32_BIT_CONVERSION = YES;
				GCC_WARN_ABOUT_RETURN_TYPE = YES_ERROR;
				GCC_WARN_UNDECLARED_SELECTOR = YES;
				GCC_WARN_UNINITIALIZED_AUTOS = YES;
				GCC_WARN_UNUSED_FUNCTION = YES;
				GCC_WARN_UNUSED_VARIABLE = YES;
				IPHONEOS_DEPLOYMENT_TARGET = 8.0;
				ONLY_ACTIVE_ARCH = YES;
				SDKROOT = iphoneos;
				TARGETED_DEVICE_FAMILY = "1,2";
			};
			name = Debug;
		};
		033F74A018034877001681AF /* Release */ = {
			isa = XCBuildConfiguration;
			buildSettings = {
				ALWAYS_SEARCH_USER_PATHS = NO;
				CLANG_CXX_LANGUAGE_STANDARD = "gnu++0x";
				CLANG_CXX_LIBRARY = "libc++";
				CLANG_ENABLE_MODULES = YES;
				CLANG_ENABLE_OBJC_ARC = YES;
				CLANG_WARN_BOOL_CONVERSION = YES;
				CLANG_WARN_CONSTANT_CONVERSION = YES;
				CLANG_WARN_DIRECT_OBJC_ISA_USAGE = YES_ERROR;
				CLANG_WARN_EMPTY_BODY = YES;
				CLANG_WARN_ENUM_CONVERSION = YES;
				CLANG_WARN_INT_CONVERSION = YES;
				CLANG_WARN_OBJC_ROOT_CLASS = YES_ERROR;
				CLANG_WARN__DUPLICATE_METHOD_MATCH = YES;
				"CODE_SIGN_IDENTITY[sdk=iphoneos*]" = "iPhone Developer";
				COPY_PHASE_STRIP = YES;
				ENABLE_NS_ASSERTIONS = NO;
				GCC_C_LANGUAGE_STANDARD = gnu99;
				GCC_WARN_64_TO_32_BIT_CONVERSION = YES;
				GCC_WARN_ABOUT_RETURN_TYPE = YES_ERROR;
				GCC_WARN_UNDECLARED_SELECTOR = YES;
				GCC_WARN_UNINITIALIZED_AUTOS = YES;
				GCC_WARN_UNUSED_FUNCTION = YES;
				GCC_WARN_UNUSED_VARIABLE = YES;
				IPHONEOS_DEPLOYMENT_TARGET = 8.0;
				SDKROOT = iphoneos;
				TARGETED_DEVICE_FAMILY = "1,2";
				VALIDATE_PRODUCT = YES;
			};
			name = Release;
		};
		033F74A218034877001681AF /* Debug */ = {
			isa = XCBuildConfiguration;
			baseConfigurationReference = 8DEF046CA368CFC460FE7C6B /* Pods.debug.xcconfig */;
			buildSettings = {
				ASSETCATALOG_COMPILER_APPICON_NAME = AppIcon;
				ASSETCATALOG_COMPILER_LAUNCHIMAGE_NAME = LaunchImage;
				CODE_SIGN_IDENTITY = "iPhone Developer";
				"CODE_SIGN_IDENTITY[sdk=iphoneos*]" = "iPhone Developer";
				CURRENT_PROJECT_VERSION = 94;
				GCC_PRECOMPILE_PREFIX_HEADER = YES;
				GCC_PREFIX_HEADER = "Oracle/Oracle-Prefix.pch";
				INFOPLIST_FILE = "Oracle/Oracle-Info.plist";
				IPHONEOS_DEPLOYMENT_TARGET = 8.0;
				LIBRARY_SEARCH_PATHS = (
					"$(inherited)",
					$PROJECT_DIR,
				);
				PRODUCT_BUNDLE_IDENTIFIER = com.joshuaoldenburg.Oracle;
				PRODUCT_NAME = "$(TARGET_NAME)";
				PROVISIONING_PROFILE = "";
				VERSIONING_SYSTEM = "apple-generic";
				WRAPPER_EXTENSION = app;
			};
			name = Debug;
		};
		033F74A318034877001681AF /* Release */ = {
			isa = XCBuildConfiguration;
			baseConfigurationReference = 8324EC130467071B0FF1CE5F /* Pods.release.xcconfig */;
			buildSettings = {
				ASSETCATALOG_COMPILER_APPICON_NAME = AppIcon;
				ASSETCATALOG_COMPILER_LAUNCHIMAGE_NAME = LaunchImage;
				CODE_SIGN_IDENTITY = "iPhone Distribution";
				"CODE_SIGN_IDENTITY[sdk=iphoneos*]" = "iPhone Distribution";
				CURRENT_PROJECT_VERSION = 94;
				GCC_PRECOMPILE_PREFIX_HEADER = YES;
				GCC_PREFIX_HEADER = "Oracle/Oracle-Prefix.pch";
				INFOPLIST_FILE = "Oracle/Oracle-Info.plist";
				IPHONEOS_DEPLOYMENT_TARGET = 8.0;
				LIBRARY_SEARCH_PATHS = (
					"$(inherited)",
					$PROJECT_DIR,
				);
				PRODUCT_BUNDLE_IDENTIFIER = com.joshuaoldenburg.Oracle;
				PRODUCT_NAME = "$(TARGET_NAME)";
				PROVISIONING_PROFILE = "";
				VERSIONING_SYSTEM = "apple-generic";
				WRAPPER_EXTENSION = app;
			};
			name = Release;
		};
		033F74A518034877001681AF /* Debug */ = {
			isa = XCBuildConfiguration;
			baseConfigurationReference = 1413C80C8CC9445A1B178FA4 /* Pods-OracleTests.debug.xcconfig */;
			buildSettings = {
				BUNDLE_LOADER = "$(BUILT_PRODUCTS_DIR)/Oracle.app/Oracle";
				CURRENT_PROJECT_VERSION = 94;
				FRAMEWORK_SEARCH_PATHS = (
					"$(SDKROOT)/Developer/Library/Frameworks",
					"$(inherited)",
					"$(DEVELOPER_FRAMEWORKS_DIR)",
				);
				GCC_PRECOMPILE_PREFIX_HEADER = YES;
				GCC_PREFIX_HEADER = "Oracle/Oracle-Prefix.pch";
				GCC_PREPROCESSOR_DEFINITIONS = (
					"DEBUG=1",
					"$(inherited)",
				);
				INFOPLIST_FILE = "OracleTests/OracleTests-Info.plist";
				PRODUCT_BUNDLE_IDENTIFIER = "com.joshuaoldenburg.${PRODUCT_NAME:rfc1034identifier}";
				PRODUCT_NAME = "$(TARGET_NAME)";
				TEST_HOST = "$(BUNDLE_LOADER)";
				VERSIONING_SYSTEM = "apple-generic";
				WRAPPER_EXTENSION = xctest;
			};
			name = Debug;
		};
		033F74A618034877001681AF /* Release */ = {
			isa = XCBuildConfiguration;
			baseConfigurationReference = 715F45D31C7A2E54C50FB663 /* Pods-OracleTests.release.xcconfig */;
			buildSettings = {
				BUNDLE_LOADER = "$(BUILT_PRODUCTS_DIR)/Oracle.app/Oracle";
				CURRENT_PROJECT_VERSION = 94;
				FRAMEWORK_SEARCH_PATHS = (
					"$(SDKROOT)/Developer/Library/Frameworks",
					"$(inherited)",
					"$(DEVELOPER_FRAMEWORKS_DIR)",
				);
				GCC_PRECOMPILE_PREFIX_HEADER = YES;
				GCC_PREFIX_HEADER = "Oracle/Oracle-Prefix.pch";
				INFOPLIST_FILE = "OracleTests/OracleTests-Info.plist";
				PRODUCT_BUNDLE_IDENTIFIER = "com.joshuaoldenburg.${PRODUCT_NAME:rfc1034identifier}";
				PRODUCT_NAME = "$(TARGET_NAME)";
				TEST_HOST = "$(BUNDLE_LOADER)";
				VERSIONING_SYSTEM = "apple-generic";
				WRAPPER_EXTENSION = xctest;
			};
			name = Release;
		};
/* End XCBuildConfiguration section */

/* Begin XCConfigurationList section */
		033F746418034877001681AF /* Build configuration list for PBXProject "Oracle" */ = {
			isa = XCConfigurationList;
			buildConfigurations = (
				033F749F18034877001681AF /* Debug */,
				033F74A018034877001681AF /* Release */,
			);
			defaultConfigurationIsVisible = 0;
			defaultConfigurationName = Release;
		};
		033F74A118034877001681AF /* Build configuration list for PBXNativeTarget "Oracle" */ = {
			isa = XCConfigurationList;
			buildConfigurations = (
				033F74A218034877001681AF /* Debug */,
				033F74A318034877001681AF /* Release */,
			);
			defaultConfigurationIsVisible = 0;
			defaultConfigurationName = Release;
		};
		033F74A418034877001681AF /* Build configuration list for PBXNativeTarget "OracleTests" */ = {
			isa = XCConfigurationList;
			buildConfigurations = (
				033F74A518034877001681AF /* Debug */,
				033F74A618034877001681AF /* Release */,
			);
			defaultConfigurationIsVisible = 0;
			defaultConfigurationName = Release;
		};
/* End XCConfigurationList section */
	};
	rootObject = 033F746118034877001681AF /* Project object */;
}
