PODS:
  - AFNetworking (2.2.4):
    - AFNetworking/NSURLConnection (= 2.2.4)
    - AFNetworking/NSURLSession (= 2.2.4)
    - AFNetworking/Reachability (= 2.2.4)
    - AFNetworking/Security (= 2.2.4)
    - AFNetworking/Serialization (= 2.2.4)
    - AFNetworking/UIKit (= 2.2.4)
  - AFNetworking/NSURLConnection (2.2.4):
    - AFNetworking/Reachability
    - AFNetworking/Security
    - AFNetworking/Serialization
  - AFNetworking/NSURLSession (2.2.4):
    - AFNetworking/NSURLConnection
  - AFNetworking/Reachability (2.2.4)
  - AFNetworking/Security (2.2.4)
  - AFNetworking/Serialization (2.2.4)
  - AFNetworking/UIKit (2.2.4):
    - AFNetworking/NSURLConnection
    - AFNetworking/NSURLSession
  - CTidy (0.3.1)
  - CXFeedParser/NSDate+InternetDateTime (0.1.2)
  - OHHTTPStubs (3.0.4)
  - TBXMLPivotalForks (0.0.1)

DEPENDENCIES:
  - AFNetworking (~> 2.2.4)
  - CTidy (~> 0.3.1)
  - CXFeedParser/NSDate+InternetDateTime (~> 0.1.1)
  - OHHTTPStubs (~> 3.0.2)
  - TBXMLPivotalForks (~> 0.0.1)

SPEC CHECKSUMS:
  AFNetworking: caca0799b310f0c3bf1fc1af45145fc96972bcab
  CTidy: f43e98bca701c27d9ecdda51d18734622b8cca70
  CXFeedParser: c2380ef496467d51a846e1aba284323c9dd230d3
  OHHTTPStubs: 32947621778de87d82590d57db44bbf79b5d9168
  TBXMLPivotalForks: c67b04b2b1146dbc13ba0d60099b33adf2b34722

COCOAPODS: 0.38.2
